
Microsoft Visual Studio Solution File, Format Version 12.00
# Visual Studio Version 17
VisualStudioVersion = 17.1.32228.430
MinimumVisualStudioVersion = 10.0.40219.1
Project("{FAE04EC0-301F-11D3-BF4B-00C04F79EFBC}") = "Demo", "Demo\Demo.csproj", "{103197BD-5FCD-40A3-9173-1DAC19048DE9}"
EndProject
Project("{FAE04EC0-301F-11D3-BF4B-00C04F79EFBC}") = "Domain", "Domain\Domain.csproj", "{92B0C38F-451B-4973-B799-24732C416965}"
EndProject
Project("{FAE04EC0-301F-11D3-BF4B-00C04F79EFBC}") = "Aplication", "Aplication\Aplication.csproj", "{3C261E97-3990-4D10-BEDE-2516896D4685}"
EndProject
Project("{FAE04EC0-301F-11D3-BF4B-00C04F79EFBC}") = "Infraestructure", "Infraestructure\Infraestructure.csproj", "{EAD971C4-76C4-4AE9-A06C-FF9D169F42EF}"
EndProject
Global
	GlobalSection(SolutionConfigurationPlatforms) = preSolution
		Debug|Any CPU = Debug|Any CPU
		Release|Any CPU = Release|Any CPU
	EndGlobalSection
	GlobalSection(ProjectConfigurationPlatforms) = postSolution
		{103197BD-5FCD-40A3-9173-1DAC19048DE9}.Debug|Any CPU.ActiveCfg = Debug|Any CPU
		{103197BD-5FCD-40A3-9173-1DAC19048DE9}.Debug|Any CPU.Build.0 = Debug|Any CPU
		{103197BD-5FCD-40A3-9173-1DAC19048DE9}.Release|Any CPU.ActiveCfg = Release|Any CPU
		{103197BD-5FCD-40A3-9173-1DAC19048DE9}.Release|Any CPU.Build.0 = Release|Any CPU
		{92B0C38F-451B-4973-B799-24732C416965}.Debug|Any CPU.ActiveCfg = Debug|Any CPU
		{92B0C38F-451B-4973-B799-24732C416965}.Debug|Any CPU.Build.0 = Debug|Any CPU
		{92B0C38F-451B-4973-B799-24732C416965}.Release|Any CPU.ActiveCfg = Release|Any CPU
		{92B0C38F-451B-4973-B799-24732C416965}.Release|Any CPU.Build.0 = Release|Any CPU
		{3C261E97-3990-4D10-BEDE-2516896D4685}.Debug|Any CPU.ActiveCfg = Debug|Any CPU
		{3C261E97-3990-4D10-BEDE-2516896D4685}.Debug|Any CPU.Build.0 = Debug|Any CPU
		{3C261E97-3990-4D10-BEDE-2516896D4685}.Release|Any CPU.ActiveCfg = Release|Any CPU
		{3C261E97-3990-4D10-BEDE-2516896D4685}.Release|Any CPU.Build.0 = Release|Any CPU
		{EAD971C4-76C4-4AE9-A06C-FF9D169F42EF}.Debug|Any CPU.ActiveCfg = Debug|Any CPU
		{EAD971C4-76C4-4AE9-A06C-FF9D169F42EF}.Debug|Any CPU.Build.0 = Debug|Any CPU
		{EAD971C4-76C4-4AE9-A06C-FF9D169F42EF}.Release|Any CPU.ActiveCfg = Release|Any CPU
		{EAD971C4-76C4-4AE9-A06C-FF9D169F42EF}.Release|Any CPU.Build.0 = Release|Any CPU
	EndGlobalSection
	GlobalSection(SolutionProperties) = preSolution
		HideSolutionNode = FALSE
	EndGlobalSection
	GlobalSection(ExtensibilityGlobals) = postSolution
		SolutionGuid = {C9B5290F-D37A-4B42-9629-C998475FB44C}
	EndGlobalSection
EndGlobal
